// !$*UTF8*$!
{
	archiveVersion = 1;
	classes = {
	};
	objectVersion = 46;
	objects = {

/* Begin PBXBuildFile section */
		0CF0979DE4984CFDEFB4CF65 /* Pods_iChat.framework in Frameworks */ = {isa = PBXBuildFile; fileRef = D67D4C885E30D1502F66BAE0 /* Pods_iChat.framework */; };
		A11DF1471F4476ED00336382 /* AppDelegate.swift in Sources */ = {isa = PBXBuildFile; fileRef = A11DF1461F4476ED00336382 /* AppDelegate.swift */; };
		A11DF14C1F4476ED00336382 /* Main.storyboard in Resources */ = {isa = PBXBuildFile; fileRef = A11DF14A1F4476ED00336382 /* Main.storyboard */; };
		A11DF14E1F4476ED00336382 /* Assets.xcassets in Resources */ = {isa = PBXBuildFile; fileRef = A11DF14D1F4476ED00336382 /* Assets.xcassets */; };
		A11DF1511F4476ED00336382 /* LaunchScreen.storyboard in Resources */ = {isa = PBXBuildFile; fileRef = A11DF14F1F4476ED00336382 /* LaunchScreen.storyboard */; };
		A11DF1591F447A6500336382 /* LogInViewController.swift in Sources */ = {isa = PBXBuildFile; fileRef = A11DF1581F447A6500336382 /* LogInViewController.swift */; };
		A11DF15B1F447A7700336382 /* ChatViewController.swift in Sources */ = {isa = PBXBuildFile; fileRef = A11DF15A1F447A7700336382 /* ChatViewController.swift */; };
		A11DF1641F447D2E00336382 /* backgroundPhoto.png in Resources */ = {isa = PBXBuildFile; fileRef = A11DF15D1F447D2E00336382 /* backgroundPhoto.png */; };
		A11DF1651F447D2E00336382 /* googleButton.png in Resources */ = {isa = PBXBuildFile; fileRef = A11DF15E1F447D2E00336382 /* googleButton.png */; };
		A11DF1661F447D2E00336382 /* logout.png in Resources */ = {isa = PBXBuildFile; fileRef = A11DF15F1F447D2E00336382 /* logout.png */; };
		A11DF1671F447D2E00336382 /* logout@2x.png in Resources */ = {isa = PBXBuildFile; fileRef = A11DF1601F447D2E00336382 /* logout@2x.png */; };
		A11DF1681F447D2E00336382 /* logout@3x.png in Resources */ = {isa = PBXBuildFile; fileRef = A11DF1611F447D2E00336382 /* logout@3x.png */; };
		A11DF1691F447D2E00336382 /* OrLine.png in Resources */ = {isa = PBXBuildFile; fileRef = A11DF1621F447D2E00336382 /* OrLine.png */; };
		A11DF16A1F447D2E00336382 /* profileImage.png in Resources */ = {isa = PBXBuildFile; fileRef = A11DF1631F447D2E00336382 /* profileImage.png */; };
		A11DF16C1F44912800336382 /* GoogleService-Info.plist in Resources */ = {isa = PBXBuildFile; fileRef = A11DF16B1F44912800336382 /* GoogleService-Info.plist */; };
		A147149C1F449D1A005F92AA /* Helper.swift in Sources */ = {isa = PBXBuildFile; fileRef = A147149B1F449D1A005F92AA /* Helper.swift */; };
/* End PBXBuildFile section */

/* Begin PBXFileReference section */
		3FBF685EBA9AD511E29A27F9 /* Pods-iChat.release.xcconfig */ = {isa = PBXFileReference; includeInIndex = 1; lastKnownFileType = text.xcconfig; name = "Pods-iChat.release.xcconfig"; path = "Pods/Target Support Files/Pods-iChat/Pods-iChat.release.xcconfig"; sourceTree = "<group>"; };
		5CAEFC04087F2FD09CB57F82 /* Pods-iChat.debug.xcconfig */ = {isa = PBXFileReference; includeInIndex = 1; lastKnownFileType = text.xcconfig; name = "Pods-iChat.debug.xcconfig"; path = "Pods/Target Support Files/Pods-iChat/Pods-iChat.debug.xcconfig"; sourceTree = "<group>"; };
		A11DF1431F4476ED00336382 /* iChat.app */ = {isa = PBXFileReference; explicitFileType = wrapper.application; includeInIndex = 0; path = iChat.app; sourceTree = BUILT_PRODUCTS_DIR; };
		A11DF1461F4476ED00336382 /* AppDelegate.swift */ = {isa = PBXFileReference; lastKnownFileType = sourcecode.swift; path = AppDelegate.swift; sourceTree = "<group>"; };
		A11DF14B1F4476ED00336382 /* Base */ = {isa = PBXFileReference; lastKnownFileType = file.storyboard; name = Base; path = Base.lproj/Main.storyboard; sourceTree = "<group>"; };
		A11DF14D1F4476ED00336382 /* Assets.xcassets */ = {isa = PBXFileReference; lastKnownFileType = folder.assetcatalog; path = Assets.xcassets; sourceTree = "<group>"; };
		A11DF1501F4476ED00336382 /* Base */ = {isa = PBXFileReference; lastKnownFileType = file.storyboard; name = Base; path = Base.lproj/LaunchScreen.storyboard; sourceTree = "<group>"; };
		A11DF1521F4476ED00336382 /* Info.plist */ = {isa = PBXFileReference; lastKnownFileType = text.plist.xml; path = Info.plist; sourceTree = "<group>"; };
		A11DF1581F447A6500336382 /* LogInViewController.swift */ = {isa = PBXFileReference; fileEncoding = 4; lastKnownFileType = sourcecode.swift; path = LogInViewController.swift; sourceTree = "<group>"; };
		A11DF15A1F447A7700336382 /* ChatViewController.swift */ = {isa = PBXFileReference; fileEncoding = 4; lastKnownFileType = sourcecode.swift; path = ChatViewController.swift; sourceTree = "<group>"; };
		A11DF15D1F447D2E00336382 /* backgroundPhoto.png */ = {isa = PBXFileReference; lastKnownFileType = image.png; path = backgroundPhoto.png; sourceTree = "<group>"; };
		A11DF15E1F447D2E00336382 /* googleButton.png */ = {isa = PBXFileReference; lastKnownFileType = image.png; path = googleButton.png; sourceTree = "<group>"; };
		A11DF15F1F447D2E00336382 /* logout.png */ = {isa = PBXFileReference; lastKnownFileType = image.png; path = logout.png; sourceTree = "<group>"; };
		A11DF1601F447D2E00336382 /* logout@2x.png */ = {isa = PBXFileReference; lastKnownFileType = image.png; path = "logout@2x.png"; sourceTree = "<group>"; };
		A11DF1611F447D2E00336382 /* logout@3x.png */ = {isa = PBXFileReference; lastKnownFileType = image.png; path = "logout@3x.png"; sourceTree = "<group>"; };
		A11DF1621F447D2E00336382 /* OrLine.png */ = {isa = PBXFileReference; lastKnownFileType = image.png; path = OrLine.png; sourceTree = "<group>"; };
		A11DF1631F447D2E00336382 /* profileImage.png */ = {isa = PBXFileReference; lastKnownFileType = image.png; path = profileImage.png; sourceTree = "<group>"; };
		A11DF16B1F44912800336382 /* GoogleService-Info.plist */ = {isa = PBXFileReference; fileEncoding = 4; lastKnownFileType = text.plist.xml; name = "GoogleService-Info.plist"; path = "../../../../Desktop/GoogleService-Info.plist"; sourceTree = "<group>"; };
		A147149B1F449D1A005F92AA /* Helper.swift */ = {isa = PBXFileReference; fileEncoding = 4; lastKnownFileType = sourcecode.swift; path = Helper.swift; sourceTree = "<group>"; };
		D67D4C885E30D1502F66BAE0 /* Pods_iChat.framework */ = {isa = PBXFileReference; explicitFileType = wrapper.framework; includeInIndex = 0; path = Pods_iChat.framework; sourceTree = BUILT_PRODUCTS_DIR; };
/* End PBXFileReference section */

/* Begin PBXFrameworksBuildPhase section */
		A11DF1401F4476ED00336382 /* Frameworks */ = {
			isa = PBXFrameworksBuildPhase;
			buildActionMask = 2147483647;
			files = (
				0CF0979DE4984CFDEFB4CF65 /* Pods_iChat.framework in Frameworks */,
			);
			runOnlyForDeploymentPostprocessing = 0;
		};
/* End PBXFrameworksBuildPhase section */

/* Begin PBXGroup section */
		9EDA0A2F62FA721DD8A075DB /* Frameworks */ = {
			isa = PBXGroup;
			children = (
				D67D4C885E30D1502F66BAE0 /* Pods_iChat.framework */,
			);
			name = Frameworks;
			sourceTree = "<group>";
		};
		A11DF13A1F4476ED00336382 = {
			isa = PBXGroup;
			children = (
				A11DF1451F4476ED00336382 /* iChat */,
				A11DF15C1F447D2E00336382 /* Resources */,
				A11DF1441F4476ED00336382 /* Products */,
				BFF3891769E268AA11777888 /* Pods */,
				9EDA0A2F62FA721DD8A075DB /* Frameworks */,
			);
			sourceTree = "<group>";
		};
		A11DF1441F4476ED00336382 /* Products */ = {
			isa = PBXGroup;
			children = (
				A11DF1431F4476ED00336382 /* iChat.app */,
			);
			name = Products;
			sourceTree = "<group>";
		};
		A11DF1451F4476ED00336382 /* iChat */ = {
			isa = PBXGroup;
			children = (
				A11DF1461F4476ED00336382 /* AppDelegate.swift */,
				A11DF14A1F4476ED00336382 /* Main.storyboard */,
				A11DF14D1F4476ED00336382 /* Assets.xcassets */,
				A11DF14F1F4476ED00336382 /* LaunchScreen.storyboard */,
				A11DF1521F4476ED00336382 /* Info.plist */,
				A11DF1581F447A6500336382 /* LogInViewController.swift */,
				A11DF15A1F447A7700336382 /* ChatViewController.swift */,
				A11DF16B1F44912800336382 /* GoogleService-Info.plist */,
				A147149B1F449D1A005F92AA /* Helper.swift */,
			);
			path = iChat;
			sourceTree = "<group>";
		};
		A11DF15C1F447D2E00336382 /* Resources */ = {
			isa = PBXGroup;
			children = (
				A11DF15D1F447D2E00336382 /* backgroundPhoto.png */,
				A11DF15E1F447D2E00336382 /* googleButton.png */,
				A11DF15F1F447D2E00336382 /* logout.png */,
				A11DF1601F447D2E00336382 /* logout@2x.png */,
				A11DF1611F447D2E00336382 /* logout@3x.png */,
				A11DF1621F447D2E00336382 /* OrLine.png */,
				A11DF1631F447D2E00336382 /* profileImage.png */,
			);
			name = Resources;
			path = iChat/Resources;
			sourceTree = "<group>";
		};
		BFF3891769E268AA11777888 /* Pods */ = {
			isa = PBXGroup;
			children = (
				5CAEFC04087F2FD09CB57F82 /* Pods-iChat.debug.xcconfig */,
				3FBF685EBA9AD511E29A27F9 /* Pods-iChat.release.xcconfig */,
			);
			name = Pods;
			sourceTree = "<group>";
		};
/* End PBXGroup section */

/* Begin PBXNativeTarget section */
		A11DF1421F4476ED00336382 /* iChat */ = {
			isa = PBXNativeTarget;
			buildConfigurationList = A11DF1551F4476ED00336382 /* Build configuration list for PBXNativeTarget "iChat" */;
			buildPhases = (
				E93D92E82379EE2C3EAF7E26 /* [CP] Check Pods Manifest.lock */,
				A11DF13F1F4476ED00336382 /* Sources */,
				A11DF1401F4476ED00336382 /* Frameworks */,
				A11DF1411F4476ED00336382 /* Resources */,
				E2E349E16A05C59926A7C49A /* [CP] Embed Pods Frameworks */,
				0F216B42EA0C272D64235958 /* [CP] Copy Pods Resources */,
			);
			buildRules = (
			);
			dependencies = (
			);
			name = iChat;
			productName = iChat;
			productReference = A11DF1431F4476ED00336382 /* iChat.app */;
			productType = "com.apple.product-type.application";
		};
/* End PBXNativeTarget section */

/* Begin PBXProject section */
		A11DF13B1F4476ED00336382 /* Project object */ = {
			isa = PBXProject;
			attributes = {
				LastSwiftUpdateCheck = 0830;
				LastUpgradeCheck = 0830;
				ORGANIZATIONNAME = Luka;
				TargetAttributes = {
					A11DF1421F4476ED00336382 = {
						CreatedOnToolsVersion = 8.3;
						DevelopmentTeam = F9QPXX27PM;
						ProvisioningStyle = Automatic;
					};
				};
			};
			buildConfigurationList = A11DF13E1F4476ED00336382 /* Build configuration list for PBXProject "iChat" */;
			compatibilityVersion = "Xcode 3.2";
			developmentRegion = English;
			hasScannedForEncodings = 0;
			knownRegions = (
				en,
				Base,
			);
			mainGroup = A11DF13A1F4476ED00336382;
			productRefGroup = A11DF1441F4476ED00336382 /* Products */;
			projectDirPath = "";
			projectRoot = "";
			targets = (
				A11DF1421F4476ED00336382 /* iChat */,
			);
		};
/* End PBXProject section */

/* Begin PBXResourcesBuildPhase section */
		A11DF1411F4476ED00336382 /* Resources */ = {
			isa = PBXResourcesBuildPhase;
			buildActionMask = 2147483647;
			files = (
				A11DF1641F447D2E00336382 /* backgroundPhoto.png in Resources */,
				A11DF1671F447D2E00336382 /* logout@2x.png in Resources */,
				A11DF1511F4476ED00336382 /* LaunchScreen.storyboard in Resources */,
				A11DF16A1F447D2E00336382 /* profileImage.png in Resources */,
				A11DF14E1F4476ED00336382 /* Assets.xcassets in Resources */,
				A11DF14C1F4476ED00336382 /* Main.storyboard in Resources */,
				A11DF1681F447D2E00336382 /* logout@3x.png in Resources */,
				A11DF1651F447D2E00336382 /* googleButton.png in Resources */,
				A11DF16C1F44912800336382 /* GoogleService-Info.plist in Resources */,
				A11DF1661F447D2E00336382 /* logout.png in Resources */,
				A11DF1691F447D2E00336382 /* OrLine.png in Resources */,
			);
			runOnlyForDeploymentPostprocessing = 0;
		};
/* End PBXResourcesBuildPhase section */

/* Begin PBXShellScriptBuildPhase section */
		0F216B42EA0C272D64235958 /* [CP] Copy Pods Resources */ = {
			isa = PBXShellScriptBuildPhase;
			buildActionMask = 2147483647;
			files = (
			);
			inputPaths = (
			);
			name = "[CP] Copy Pods Resources";
			outputPaths = (
			);
			runOnlyForDeploymentPostprocessing = 0;
			shellPath = /bin/sh;
			shellScript = "\"${SRCROOT}/Pods/Target Support Files/Pods-iChat/Pods-iChat-resources.sh\"\n";
			showEnvVarsInLog = 0;
		};
		E2E349E16A05C59926A7C49A /* [CP] Embed Pods Frameworks */ = {
			isa = PBXShellScriptBuildPhase;
			buildActionMask = 2147483647;
			files = (
			);
			inputPaths = (
			);
			name = "[CP] Embed Pods Frameworks";
			outputPaths = (
			);
			runOnlyForDeploymentPostprocessing = 0;
			shellPath = /bin/sh;
			shellScript = "\"${SRCROOT}/Pods/Target Support Files/Pods-iChat/Pods-iChat-frameworks.sh\"\n";
			showEnvVarsInLog = 0;
		};
		E93D92E82379EE2C3EAF7E26 /* [CP] Check Pods Manifest.lock */ = {
			isa = PBXShellScriptBuildPhase;
			buildActionMask = 2147483647;
			files = (
			);
			inputPaths = (
			);
			name = "[CP] Check Pods Manifest.lock";
			outputPaths = (
			);
			runOnlyForDeploymentPostprocessing = 0;
			shellPath = /bin/sh;
			shellScript = "diff \"${PODS_ROOT}/../Podfile.lock\" \"${PODS_ROOT}/Manifest.lock\" > /dev/null\nif [ $? != 0 ] ; then\n    # print error to STDERR\n    echo \"error: The sandbox is not in sync with the Podfile.lock. Run 'pod install' or update your CocoaPods installation.\" >&2\n    exit 1\nfi\n";
			showEnvVarsInLog = 0;
		};
/* End PBXShellScriptBuildPhase section */

/* Begin PBXSourcesBuildPhase section */
		A11DF13F1F4476ED00336382 /* Sources */ = {
			isa = PBXSourcesBuildPhase;
			buildActionMask = 2147483647;
			files = (
				A11DF1591F447A6500336382 /* LogInViewController.swift in Sources */,
				A11DF15B1F447A7700336382 /* ChatViewController.swift in Sources */,
				A11DF1471F4476ED00336382 /* AppDelegate.swift in Sources */,
				A147149C1F449D1A005F92AA /* Helper.swift in Sources */,
			);
			runOnlyForDeploymentPostprocessing = 0;
		};
/* End PBXSourcesBuildPhase section */

/* Begin PBXVariantGroup section */
		A11DF14A1F4476ED00336382 /* Main.storyboard */ = {
			isa = PBXVariantGroup;
			children = (
				A11DF14B1F4476ED00336382 /* Base */,
			);
			name = Main.storyboard;
			sourceTree = "<group>";
		};
		A11DF14F1F4476ED00336382 /* LaunchScreen.storyboard */ = {
			isa = PBXVariantGroup;
			children = (
				A11DF1501F4476ED00336382 /* Base */,
			);
			name = LaunchScreen.storyboard;
			sourceTree = "<group>";
		};
/* End PBXVariantGroup section */

/* Begin XCBuildConfiguration section */
		A11DF1531F4476ED00336382 /* Debug */ = {
			isa = XCBuildConfiguration;
			buildSettings = {
				ALWAYS_SEARCH_USER_PATHS = NO;
				CLANG_ANALYZER_NONNULL = YES;
				CLANG_ANALYZER_NUMBER_OBJECT_CONVERSION = YES_AGGRESSIVE;
				CLANG_CXX_LANGUAGE_STANDARD = "gnu++0x";
				CLANG_CXX_LIBRARY = "libc++";
				CLANG_ENABLE_MODULES = YES;
				CLANG_ENABLE_OBJC_ARC = YES;
				CLANG_WARN_BOOL_CONVERSION = YES;
				CLANG_WARN_CONSTANT_CONVERSION = YES;
				CLANG_WARN_DIRECT_OBJC_ISA_USAGE = YES_ERROR;
				CLANG_WARN_DOCUMENTATION_COMMENTS = YES;
				CLANG_WARN_EMPTY_BODY = YES;
				CLANG_WARN_ENUM_CONVERSION = YES;
				CLANG_WARN_INFINITE_RECURSION = YES;
				CLANG_WARN_INT_CONVERSION = YES;
				CLANG_WARN_OBJC_ROOT_CLASS = YES_ERROR;
				CLANG_WARN_SUSPICIOUS_MOVE = YES;
				CLANG_WARN_UNREACHABLE_CODE = YES;
				CLANG_WARN__DUPLICATE_METHOD_MATCH = YES;
				"CODE_SIGN_IDENTITY[sdk=iphoneos*]" = "iPhone Developer";
				COPY_PHASE_STRIP = NO;
				DEBUG_INFORMATION_FORMAT = dwarf;
				ENABLE_STRICT_OBJC_MSGSEND = YES;
				ENABLE_TESTABILITY = YES;
				GCC_C_LANGUAGE_STANDARD = gnu99;
				GCC_DYNAMIC_NO_PIC = NO;
				GCC_NO_COMMON_BLOCKS = YES;
				GCC_OPTIMIZATION_LEVEL = 0;
				GCC_PREPROCESSOR_DEFINITIONS = (
					"DEBUG=1",
					"$(inherited)",
				);
				GCC_WARN_64_TO_32_BIT_CONVERSION = YES;
				GCC_WARN_ABOUT_RETURN_TYPE = YES_ERROR;
				GCC_WARN_UNDECLARED_SELECTOR = YES;
				GCC_WARN_UNINITIALIZED_AUTOS = YES_AGGRESSIVE;
				GCC_WARN_UNUSED_FUNCTION = YES;
				GCC_WARN_UNUSED_VARIABLE = YES;
				IPHONEOS_DEPLOYMENT_TARGET = 10.3;
				MTL_ENABLE_DEBUG_INFO = YES;
				ONLY_ACTIVE_ARCH = YES;
				SDKROOT = iphoneos;
				SWIFT_ACTIVE_COMPILATION_CONDITIONS = DEBUG;
				SWIFT_OPTIMIZATION_LEVEL = "-Onone";
				TARGETED_DEVICE_FAMILY = "1,2";
			};
			name = Debug;
		};
		A11DF1541F4476ED00336382 /* Release */ = {
			isa = XCBuildConfiguration;
			buildSettings = {
				ALWAYS_SEARCH_USER_PATHS = NO;
				CLANG_ANALYZER_NONNULL = YES;
				CLANG_ANALYZER_NUMBER_OBJECT_CONVERSION = YES_AGGRESSIVE;
				CLANG_CXX_LANGUAGE_STANDARD = "gnu++0x";
				CLANG_CXX_LIBRARY = "libc++";
				CLANG_ENABLE_MODULES = YES;
				CLANG_ENABLE_OBJC_ARC = YES;
				CLANG_WARN_BOOL_CONVERSION = YES;
				CLANG_WARN_CONSTANT_CONVERSION = YES;
				CLANG_WARN_DIRECT_OBJC_ISA_USAGE = YES_ERROR;
				CLANG_WARN_DOCUMENTATION_COMMENTS = YES;
				CLANG_WARN_EMPTY_BODY = YES;
				CLANG_WARN_ENUM_CONVERSION = YES;
				CLANG_WARN_INFINITE_RECURSION = YES;
				CLANG_WARN_INT_CONVERSION = YES;
				CLANG_WARN_OBJC_ROOT_CLASS = YES_ERROR;
				CLANG_WARN_SUSPICIOUS_MOVE = YES;
				CLANG_WARN_UNREACHABLE_CODE = YES;
				CLANG_WARN__DUPLICATE_METHOD_MATCH = YES;
				"CODE_SIGN_IDENTITY[sdk=iphoneos*]" = "iPhone Developer";
				COPY_PHASE_STRIP = NO;
				DEBUG_INFORMATION_FORMAT = "dwarf-with-dsym";
				ENABLE_NS_ASSERTIONS = NO;
				ENABLE_STRICT_OBJC_MSGSEND = YES;
				GCC_C_LANGUAGE_STANDARD = gnu99;
				GCC_NO_COMMON_BLOCKS = YES;
				GCC_WARN_64_TO_32_BIT_CONVERSION = YES;
				GCC_WARN_ABOUT_RETURN_TYPE = YES_ERROR;
				GCC_WARN_UNDECLARED_SELECTOR = YES;
				GCC_WARN_UNINITIALIZED_AUTOS = YES_AGGRESSIVE;
				GCC_WARN_UNUSED_FUNCTION = YES;
				GCC_WARN_UNUSED_VARIABLE = YES;
				IPHONEOS_DEPLOYMENT_TARGET = 10.3;
				MTL_ENABLE_DEBUG_INFO = NO;
				SDKROOT = iphoneos;
				SWIFT_OPTIMIZATION_LEVEL = "-Owholemodule";
				TARGETED_DEVICE_FAMILY = "1,2";
				VALIDATE_PRODUCT = YES;
			};
			name = Release;
		};
		A11DF1561F4476ED00336382 /* Debug */ = {
			isa = XCBuildConfiguration;
			baseConfigurationReference = 5CAEFC04087F2FD09CB57F82 /* Pods-iChat.debug.xcconfig */;
			buildSettings = {
				ASSETCATALOG_COMPILER_APPICON_NAME = AppIcon;
				DEVELOPMENT_TEAM = F9QPXX27PM;
				INFOPLIST_FILE = iChat/Info.plist;
				LD_RUNPATH_SEARCH_PATHS = "$(inherited) @executable_path/Frameworks";
				PRODUCT_BUNDLE_IDENTIFIER = "com.find-lab.iChat";
				PRODUCT_NAME = "$(TARGET_NAME)";
				SWIFT_VERSION = 3.0;
			};
			name = Debug;
		};
		A11DF1571F4476ED00336382 /* Release */ = {
			isa = XCBuildConfiguration;
			baseConfigurationReference = 3FBF685EBA9AD511E29A27F9 /* Pods-iChat.release.xcconfig */;
			buildSettings = {
				ASSETCATALOG_COMPILER_APPICON_NAME = AppIcon;
				DEVELOPMENT_TEAM = F9QPXX27PM;
				INFOPLIST_FILE = iChat/Info.plist;
				LD_RUNPATH_SEARCH_PATHS = "$(inherited) @executable_path/Frameworks";
				PRODUCT_BUNDLE_IDENTIFIER = "com.find-lab.iChat";
				PRODUCT_NAME = "$(TARGET_NAME)";
				SWIFT_VERSION = 3.0;
			};
			name = Release;
		};
/* End XCBuildConfiguration section */

/* Begin XCConfigurationList section */
		A11DF13E1F4476ED00336382 /* Build configuration list for PBXProject "iChat" */ = {
			isa = XCConfigurationList;
			buildConfigurations = (
				A11DF1531F4476ED00336382 /* Debug */,
				A11DF1541F4476ED00336382 /* Release */,
			);
			defaultConfigurationIsVisible = 0;
			defaultConfigurationName = Release;
		};
		A11DF1551F4476ED00336382 /* Build configuration list for PBXNativeTarget "iChat" */ = {
			isa = XCConfigurationList;
			buildConfigurations = (
				A11DF1561F4476ED00336382 /* Debug */,
				A11DF1571F4476ED00336382 /* Release */,
			);
			defaultConfigurationIsVisible = 0;
			defaultConfigurationName = Release;
		};
/* End XCConfigurationList section */
	};
	rootObject = A11DF13B1F4476ED00336382 /* Project object */;
}
